
Microsoft Visual Studio Solution File, Format Version 12.00
# Visual Studio 15
VisualStudioVersion = 15.0.27703.2042
MinimumVisualStudioVersion = 10.0.40219.1
Project("{FAE04EC0-301F-11D3-BF4B-00C04F79EFBC}") = "ejercicioArreglos", "ejercicioArreglos\ejercicioArreglos.csproj", "{D016E995-B029-4225-ACD0-26CF77A63EDB}"
EndProject
Global
	GlobalSection(SolutionConfigurationPlatforms) = preSolution
		Debug|Any CPU = Debug|Any CPU
		Release|Any CPU = Release|Any CPU
	EndGlobalSection
	GlobalSection(ProjectConfigurationPlatforms) = postSolution
		{D016E995-B029-4225-ACD0-26CF77A63EDB}.Debug|Any CPU.ActiveCfg = Debug|Any CPU
		{D016E995-B029-4225-ACD0-26CF77A63EDB}.Debug|Any CPU.Build.0 = Debug|Any CPU
		{D016E995-B029-4225-ACD0-26CF77A63EDB}.Release|Any CPU.ActiveCfg = Release|Any CPU
		{D016E995-B029-4225-ACD0-26CF77A63EDB}.Release|Any CPU.Build.0 = Release|Any CPU
	EndGlobalSection
	GlobalSection(SolutionProperties) = preSolution
		HideSolutionNode = FALSE
	EndGlobalSection
	GlobalSection(ExtensibilityGlobals) = postSolution
		SolutionGuid = {45BB0991-A7E7-4867-A87B-111B05808C1F}
	EndGlobalSection
EndGlobal
